// !$*UTF8*$!
{
	archiveVersion = 1;
	classes = {
	};
	objectVersion = 56;
	objects = {

/* Begin PBXBuildFile section */
		ED4CBE802C9DCD5A00770A25 /* project004App.swift in Sources */ = {isa = PBXBuildFile; fileRef = ED4CBE7F2C9DCD5A00770A25 /* project004App.swift */; };
		ED4CBE822C9DCD5A00770A25 /* ContentView.swift in Sources */ = {isa = PBXBuildFile; fileRef = ED4CBE812C9DCD5A00770A25 /* ContentView.swift */; };
		ED4CBE842C9DCD5B00770A25 /* Assets.xcassets in Resources */ = {isa = PBXBuildFile; fileRef = ED4CBE832C9DCD5B00770A25 /* Assets.xcassets */; };
		ED4CBE882C9DCD5B00770A25 /* Preview Assets.xcassets in Resources */ = {isa = PBXBuildFile; fileRef = ED4CBE872C9DCD5B00770A25 /* Preview Assets.xcassets */; };
		ED4CBE922C9DCD5C00770A25 /* project004Tests.swift in Sources */ = {isa = PBXBuildFile; fileRef = ED4CBE912C9DCD5C00770A25 /* project004Tests.swift */; };
		ED4CBE9C2C9DCD5C00770A25 /* project004UITests.swift in Sources */ = {isa = PBXBuildFile; fileRef = ED4CBE9B2C9DCD5C00770A25 /* project004UITests.swift */; };
		ED4CBE9E2C9DCD5C00770A25 /* project004UITestsLaunchTests.swift in Sources */ = {isa = PBXBuildFile; fileRef = ED4CBE9D2C9DCD5C00770A25 /* project004UITestsLaunchTests.swift */; };
		ED4CBEB02C9DCE5800770A25 /* LoginView.swift in Sources */ = {isa = PBXBuildFile; fileRef = ED4CBEAF2C9DCE5800770A25 /* LoginView.swift */; };
		ED4CBEB22C9DCE6700770A25 /* LoginViewModel.swift in Sources */ = {isa = PBXBuildFile; fileRef = ED4CBEB12C9DCE6700770A25 /* LoginViewModel.swift */; };
		ED61D15E2CA398BA00E0B8B7 /* AuthenticationService.swift in Sources */ = {isa = PBXBuildFile; fileRef = ED61D15D2CA398BA00E0B8B7 /* AuthenticationService.swift */; };
		ED61D1602CA39A2E00E0B8B7 /* UserNameAvailableMessage.swift in Sources */ = {isa = PBXBuildFile; fileRef = ED61D15F2CA39A2E00E0B8B7 /* UserNameAvailableMessage.swift */; };
/* End PBXBuildFile section */

/* Begin PBXContainerItemProxy section */
		ED4CBE8E2C9DCD5C00770A25 /* PBXContainerItemProxy */ = {
			isa = PBXContainerItemProxy;
			containerPortal = ED4CBE742C9DCD5A00770A25 /* Project object */;
			proxyType = 1;
			remoteGlobalIDString = ED4CBE7B2C9DCD5A00770A25;
			remoteInfo = project004;
		};
		ED4CBE982C9DCD5C00770A25 /* PBXContainerItemProxy */ = {
			isa = PBXContainerItemProxy;
			containerPortal = ED4CBE742C9DCD5A00770A25 /* Project object */;
			proxyType = 1;
			remoteGlobalIDString = ED4CBE7B2C9DCD5A00770A25;
			remoteInfo = project004;
		};
/* End PBXContainerItemProxy section */

/* Begin PBXFileReference section */
		ED4CBE7C2C9DCD5A00770A25 /* project004.app */ = {isa = PBXFileReference; explicitFileType = wrapper.application; includeInIndex = 0; path = project004.app; sourceTree = BUILT_PRODUCTS_DIR; };
		ED4CBE7F2C9DCD5A00770A25 /* project004App.swift */ = {isa = PBXFileReference; lastKnownFileType = sourcecode.swift; path = project004App.swift; sourceTree = "<group>"; };
		ED4CBE812C9DCD5A00770A25 /* ContentView.swift */ = {isa = PBXFileReference; lastKnownFileType = sourcecode.swift; path = ContentView.swift; sourceTree = "<group>"; };
		ED4CBE832C9DCD5B00770A25 /* Assets.xcassets */ = {isa = PBXFileReference; lastKnownFileType = folder.assetcatalog; path = Assets.xcassets; sourceTree = "<group>"; };
		ED4CBE852C9DCD5B00770A25 /* project004.entitlements */ = {isa = PBXFileReference; lastKnownFileType = text.plist.entitlements; path = project004.entitlements; sourceTree = "<group>"; };
		ED4CBE872C9DCD5B00770A25 /* Preview Assets.xcassets */ = {isa = PBXFileReference; lastKnownFileType = folder.assetcatalog; path = "Preview Assets.xcassets"; sourceTree = "<group>"; };
		ED4CBE8D2C9DCD5C00770A25 /* project004Tests.xctest */ = {isa = PBXFileReference; explicitFileType = wrapper.cfbundle; includeInIndex = 0; path = project004Tests.xctest; sourceTree = BUILT_PRODUCTS_DIR; };
		ED4CBE912C9DCD5C00770A25 /* project004Tests.swift */ = {isa = PBXFileReference; lastKnownFileType = sourcecode.swift; path = project004Tests.swift; sourceTree = "<group>"; };
		ED4CBE972C9DCD5C00770A25 /* project004UITests.xctest */ = {isa = PBXFileReference; explicitFileType = wrapper.cfbundle; includeInIndex = 0; path = project004UITests.xctest; sourceTree = BUILT_PRODUCTS_DIR; };
		ED4CBE9B2C9DCD5C00770A25 /* project004UITests.swift */ = {isa = PBXFileReference; lastKnownFileType = sourcecode.swift; path = project004UITests.swift; sourceTree = "<group>"; };
		ED4CBE9D2C9DCD5C00770A25 /* project004UITestsLaunchTests.swift */ = {isa = PBXFileReference; lastKnownFileType = sourcecode.swift; path = project004UITestsLaunchTests.swift; sourceTree = "<group>"; };
		ED4CBEAF2C9DCE5800770A25 /* LoginView.swift */ = {isa = PBXFileReference; lastKnownFileType = sourcecode.swift; path = LoginView.swift; sourceTree = "<group>"; };
		ED4CBEB12C9DCE6700770A25 /* LoginViewModel.swift */ = {isa = PBXFileReference; lastKnownFileType = sourcecode.swift; path = LoginViewModel.swift; sourceTree = "<group>"; };
		ED61D15D2CA398BA00E0B8B7 /* AuthenticationService.swift */ = {isa = PBXFileReference; lastKnownFileType = sourcecode.swift; path = AuthenticationService.swift; sourceTree = "<group>"; };
		ED61D15F2CA39A2E00E0B8B7 /* UserNameAvailableMessage.swift */ = {isa = PBXFileReference; lastKnownFileType = sourcecode.swift; path = UserNameAvailableMessage.swift; sourceTree = "<group>"; };
/* End PBXFileReference section */

/* Begin PBXFrameworksBuildPhase section */
		ED4CBE792C9DCD5A00770A25 /* Frameworks */ = {
			isa = PBXFrameworksBuildPhase;
			buildActionMask = 2147483647;
			files = (
			);
			runOnlyForDeploymentPostprocessing = 0;
		};
		ED4CBE8A2C9DCD5C00770A25 /* Frameworks */ = {
			isa = PBXFrameworksBuildPhase;
			buildActionMask = 2147483647;
			files = (
			);
			runOnlyForDeploymentPostprocessing = 0;
		};
		ED4CBE942C9DCD5C00770A25 /* Frameworks */ = {
			isa = PBXFrameworksBuildPhase;
			buildActionMask = 2147483647;
			files = (
			);
			runOnlyForDeploymentPostprocessing = 0;
		};
/* End PBXFrameworksBuildPhase section */

/* Begin PBXGroup section */
		ED4CBE732C9DCD5A00770A25 = {
			isa = PBXGroup;
			children = (
				ED4CBE7E2C9DCD5A00770A25 /* project004 */,
				ED4CBE902C9DCD5C00770A25 /* project004Tests */,
				ED4CBE9A2C9DCD5C00770A25 /* project004UITests */,
				ED4CBE7D2C9DCD5A00770A25 /* Products */,
			);
			sourceTree = "<group>";
		};
		ED4CBE7D2C9DCD5A00770A25 /* Products */ = {
			isa = PBXGroup;
			children = (
				ED4CBE7C2C9DCD5A00770A25 /* project004.app */,
				ED4CBE8D2C9DCD5C00770A25 /* project004Tests.xctest */,
				ED4CBE972C9DCD5C00770A25 /* project004UITests.xctest */,
			);
			name = Products;
			sourceTree = "<group>";
		};
		ED4CBE7E2C9DCD5A00770A25 /* project004 */ = {
			isa = PBXGroup;
			children = (
				ED4CBEAB2C9DCE2600770A25 /* Login */,
				ED4CBEAA2C9DCE1B00770A25 /* Home */,
				ED4CBE7F2C9DCD5A00770A25 /* project004App.swift */,
				ED4CBE812C9DCD5A00770A25 /* ContentView.swift */,
				ED4CBE832C9DCD5B00770A25 /* Assets.xcassets */,
				ED4CBE852C9DCD5B00770A25 /* project004.entitlements */,
				ED4CBE862C9DCD5B00770A25 /* Preview Content */,
			);
			path = project004;
			sourceTree = "<group>";
		};
		ED4CBE862C9DCD5B00770A25 /* Preview Content */ = {
			isa = PBXGroup;
			children = (
				ED4CBE872C9DCD5B00770A25 /* Preview Assets.xcassets */,
			);
			path = "Preview Content";
			sourceTree = "<group>";
		};
		ED4CBE902C9DCD5C00770A25 /* project004Tests */ = {
			isa = PBXGroup;
			children = (
				ED4CBE912C9DCD5C00770A25 /* project004Tests.swift */,
			);
			path = project004Tests;
			sourceTree = "<group>";
		};
		ED4CBE9A2C9DCD5C00770A25 /* project004UITests */ = {
			isa = PBXGroup;
			children = (
				ED4CBE9B2C9DCD5C00770A25 /* project004UITests.swift */,
				ED4CBE9D2C9DCD5C00770A25 /* project004UITestsLaunchTests.swift */,
			);
			path = project004UITests;
			sourceTree = "<group>";
		};
		ED4CBEAA2C9DCE1B00770A25 /* Home */ = {
			isa = PBXGroup;
			children = (
			);
			path = Home;
			sourceTree = "<group>";
		};
		ED4CBEAB2C9DCE2600770A25 /* Login */ = {
			isa = PBXGroup;
			children = (
				ED4CBEAE2C9DCE4900770A25 /* View */,
				ED4CBEAD2C9DCE3A00770A25 /* ViewModel */,
				ED4CBEAC2C9DCE3400770A25 /* Model */,
			);
			path = Login;
			sourceTree = "<group>";
		};
		ED4CBEAC2C9DCE3400770A25 /* Model */ = {
			isa = PBXGroup;
			children = (
				ED61D15F2CA39A2E00E0B8B7 /* UserNameAvailableMessage.swift */,
			);
			path = Model;
			sourceTree = "<group>";
		};
		ED4CBEAD2C9DCE3A00770A25 /* ViewModel */ = {
			isa = PBXGroup;
			children = (
				ED4CBEB12C9DCE6700770A25 /* LoginViewModel.swift */,
				ED61D15D2CA398BA00E0B8B7 /* AuthenticationService.swift */,
			);
			path = ViewModel;
			sourceTree = "<group>";
		};
		ED4CBEAE2C9DCE4900770A25 /* View */ = {
			isa = PBXGroup;
			children = (
				ED4CBEAF2C9DCE5800770A25 /* LoginView.swift */,
			);
			path = View;
			sourceTree = "<group>";
		};
/* End PBXGroup section */

/* Begin PBXNativeTarget section */
		ED4CBE7B2C9DCD5A00770A25 /* project004 */ = {
			isa = PBXNativeTarget;
			buildConfigurationList = ED4CBEA12C9DCD5C00770A25 /* Build configuration list for PBXNativeTarget "project004" */;
			buildPhases = (
				ED4CBE782C9DCD5A00770A25 /* Sources */,
				ED4CBE792C9DCD5A00770A25 /* Frameworks */,
				ED4CBE7A2C9DCD5A00770A25 /* Resources */,
			);
			buildRules = (
			);
			dependencies = (
			);
			name = project004;
			productName = project004;
			productReference = ED4CBE7C2C9DCD5A00770A25 /* project004.app */;
			productType = "com.apple.product-type.application";
		};
		ED4CBE8C2C9DCD5C00770A25 /* project004Tests */ = {
			isa = PBXNativeTarget;
			buildConfigurationList = ED4CBEA42C9DCD5C00770A25 /* Build configuration list for PBXNativeTarget "project004Tests" */;
			buildPhases = (
				ED4CBE892C9DCD5C00770A25 /* Sources */,
				ED4CBE8A2C9DCD5C00770A25 /* Frameworks */,
				ED4CBE8B2C9DCD5C00770A25 /* Resources */,
			);
			buildRules = (
			);
			dependencies = (
				ED4CBE8F2C9DCD5C00770A25 /* PBXTargetDependency */,
			);
			name = project004Tests;
			productName = project004Tests;
			productReference = ED4CBE8D2C9DCD5C00770A25 /* project004Tests.xctest */;
			productType = "com.apple.product-type.bundle.unit-test";
		};
		ED4CBE962C9DCD5C00770A25 /* project004UITests */ = {
			isa = PBXNativeTarget;
			buildConfigurationList = ED4CBEA72C9DCD5C00770A25 /* Build configuration list for PBXNativeTarget "project004UITests" */;
			buildPhases = (
				ED4CBE932C9DCD5C00770A25 /* Sources */,
				ED4CBE942C9DCD5C00770A25 /* Frameworks */,
				ED4CBE952C9DCD5C00770A25 /* Resources */,
			);
			buildRules = (
			);
			dependencies = (
				ED4CBE992C9DCD5C00770A25 /* PBXTargetDependency */,
			);
			name = project004UITests;
			productName = project004UITests;
			productReference = ED4CBE972C9DCD5C00770A25 /* project004UITests.xctest */;
			productType = "com.apple.product-type.bundle.ui-testing";
		};
/* End PBXNativeTarget section */

/* Begin PBXProject section */
		ED4CBE742C9DCD5A00770A25 /* Project object */ = {
			isa = PBXProject;
			attributes = {
				BuildIndependentTargetsInParallel = 1;
				LastSwiftUpdateCheck = 1520;
				LastUpgradeCheck = 1520;
				TargetAttributes = {
					ED4CBE7B2C9DCD5A00770A25 = {
						CreatedOnToolsVersion = 15.2;
					};
					ED4CBE8C2C9DCD5C00770A25 = {
						CreatedOnToolsVersion = 15.2;
						TestTargetID = ED4CBE7B2C9DCD5A00770A25;
					};
					ED4CBE962C9DCD5C00770A25 = {
						CreatedOnToolsVersion = 15.2;
						TestTargetID = ED4CBE7B2C9DCD5A00770A25;
					};
				};
			};
			buildConfigurationList = ED4CBE772C9DCD5A00770A25 /* Build configuration list for PBXProject "project004" */;
			compatibilityVersion = "Xcode 14.0";
			developmentRegion = en;
			hasScannedForEncodings = 0;
			knownRegions = (
				en,
				Base,
			);
			mainGroup = ED4CBE732C9DCD5A00770A25;
			productRefGroup = ED4CBE7D2C9DCD5A00770A25 /* Products */;
			projectDirPath = "";
			projectRoot = "";
			targets = (
				ED4CBE7B2C9DCD5A00770A25 /* project004 */,
				ED4CBE8C2C9DCD5C00770A25 /* project004Tests */,
				ED4CBE962C9DCD5C00770A25 /* project004UITests */,
			);
		};
/* End PBXProject section */

/* Begin PBXResourcesBuildPhase section */
		ED4CBE7A2C9DCD5A00770A25 /* Resources */ = {
			isa = PBXResourcesBuildPhase;
			buildActionMask = 2147483647;
			files = (
				ED4CBE882C9DCD5B00770A25 /* Preview Assets.xcassets in Resources */,
				ED4CBE842C9DCD5B00770A25 /* Assets.xcassets in Resources */,
			);
			runOnlyForDeploymentPostprocessing = 0;
		};
		ED4CBE8B2C9DCD5C00770A25 /* Resources */ = {
			isa = PBXResourcesBuildPhase;
			buildActionMask = 2147483647;
			files = (
			);
			runOnlyForDeploymentPostprocessing = 0;
		};
		ED4CBE952C9DCD5C00770A25 /* Resources */ = {
			isa = PBXResourcesBuildPhase;
			buildActionMask = 2147483647;
			files = (
			);
			runOnlyForDeploymentPostprocessing = 0;
		};
/* End PBXResourcesBuildPhase section */

/* Begin PBXSourcesBuildPhase section */
		ED4CBE782C9DCD5A00770A25 /* Sources */ = {
			isa = PBXSourcesBuildPhase;
			buildActionMask = 2147483647;
			files = (
				ED4CBEB22C9DCE6700770A25 /* LoginViewModel.swift in Sources */,
				ED61D1602CA39A2E00E0B8B7 /* UserNameAvailableMessage.swift in Sources */,
				ED4CBEB02C9DCE5800770A25 /* LoginView.swift in Sources */,
				ED4CBE822C9DCD5A00770A25 /* ContentView.swift in Sources */,
				ED4CBE802C9DCD5A00770A25 /* project004App.swift in Sources */,
				ED61D15E2CA398BA00E0B8B7 /* AuthenticationService.swift in Sources */,
			);
			runOnlyForDeploymentPostprocessing = 0;
		};
		ED4CBE892C9DCD5C00770A25 /* Sources */ = {
			isa = PBXSourcesBuildPhase;
			buildActionMask = 2147483647;
			files = (
				ED4CBE922C9DCD5C00770A25 /* project004Tests.swift in Sources */,
			);
			runOnlyForDeploymentPostprocessing = 0;
		};
		ED4CBE932C9DCD5C00770A25 /* Sources */ = {
			isa = PBXSourcesBuildPhase;
			buildActionMask = 2147483647;
			files = (
				ED4CBE9C2C9DCD5C00770A25 /* project004UITests.swift in Sources */,
				ED4CBE9E2C9DCD5C00770A25 /* project004UITestsLaunchTests.swift in Sources */,
			);
			runOnlyForDeploymentPostprocessing = 0;
		};
/* End PBXSourcesBuildPhase section */

/* Begin PBXTargetDependency section */
		ED4CBE8F2C9DCD5C00770A25 /* PBXTargetDependency */ = {
			isa = PBXTargetDependency;
			target = ED4CBE7B2C9DCD5A00770A25 /* project004 */;
			targetProxy = ED4CBE8E2C9DCD5C00770A25 /* PBXContainerItemProxy */;
		};
		ED4CBE992C9DCD5C00770A25 /* PBXTargetDependency */ = {
			isa = PBXTargetDependency;
			target = ED4CBE7B2C9DCD5A00770A25 /* project004 */;
			targetProxy = ED4CBE982C9DCD5C00770A25 /* PBXContainerItemProxy */;
		};
/* End PBXTargetDependency section */

/* Begin XCBuildConfiguration section */
		ED4CBE9F2C9DCD5C00770A25 /* Debug */ = {
			isa = XCBuildConfiguration;
			buildSettings = {
				ALWAYS_SEARCH_USER_PATHS = NO;
				ASSETCATALOG_COMPILER_GENERATE_SWIFT_ASSET_SYMBOL_EXTENSIONS = YES;
				CLANG_ANALYZER_NONNULL = YES;
				CLANG_ANALYZER_NUMBER_OBJECT_CONVERSION = YES_AGGRESSIVE;
				CLANG_CXX_LANGUAGE_STANDARD = "gnu++20";
				CLANG_ENABLE_MODULES = YES;
				CLANG_ENABLE_OBJC_ARC = YES;
				CLANG_ENABLE_OBJC_WEAK = YES;
				CLANG_WARN_BLOCK_CAPTURE_AUTORELEASING = YES;
				CLANG_WARN_BOOL_CONVERSION = YES;
				CLANG_WARN_COMMA = YES;
				CLANG_WARN_CONSTANT_CONVERSION = YES;
				CLANG_WARN_DEPRECATED_OBJC_IMPLEMENTATIONS = YES;
				CLANG_WARN_DIRECT_OBJC_ISA_USAGE = YES_ERROR;
				CLANG_WARN_DOCUMENTATION_COMMENTS = YES;
				CLANG_WARN_EMPTY_BODY = YES;
				CLANG_WARN_ENUM_CONVERSION = YES;
				CLANG_WARN_INFINITE_RECURSION = YES;
				CLANG_WARN_INT_CONVERSION = YES;
				CLANG_WARN_NON_LITERAL_NULL_CONVERSION = YES;
				CLANG_WARN_OBJC_IMPLICIT_RETAIN_SELF = YES;
				CLANG_WARN_OBJC_LITERAL_CONVERSION = YES;
				CLANG_WARN_OBJC_ROOT_CLASS = YES_ERROR;
				CLANG_WARN_QUOTED_INCLUDE_IN_FRAMEWORK_HEADER = YES;
				CLANG_WARN_RANGE_LOOP_ANALYSIS = YES;
				CLANG_WARN_STRICT_PROTOTYPES = YES;
				CLANG_WARN_SUSPICIOUS_MOVE = YES;
				CLANG_WARN_UNGUARDED_AVAILABILITY = YES_AGGRESSIVE;
				CLANG_WARN_UNREACHABLE_CODE = YES;
				CLANG_WARN__DUPLICATE_METHOD_MATCH = YES;
				COPY_PHASE_STRIP = NO;
				DEBUG_INFORMATION_FORMAT = dwarf;
				ENABLE_STRICT_OBJC_MSGSEND = YES;
				ENABLE_TESTABILITY = YES;
				ENABLE_USER_SCRIPT_SANDBOXING = YES;
				GCC_C_LANGUAGE_STANDARD = gnu17;
				GCC_DYNAMIC_NO_PIC = NO;
				GCC_NO_COMMON_BLOCKS = YES;
				GCC_OPTIMIZATION_LEVEL = 0;
				GCC_PREPROCESSOR_DEFINITIONS = (
					"DEBUG=1",
					"$(inherited)",
				);
				GCC_WARN_64_TO_32_BIT_CONVERSION = YES;
				GCC_WARN_ABOUT_RETURN_TYPE = YES_ERROR;
				GCC_WARN_UNDECLARED_SELECTOR = YES;
				GCC_WARN_UNINITIALIZED_AUTOS = YES_AGGRESSIVE;
				GCC_WARN_UNUSED_FUNCTION = YES;
				GCC_WARN_UNUSED_VARIABLE = YES;
				LOCALIZATION_PREFERS_STRING_CATALOGS = YES;
				MTL_ENABLE_DEBUG_INFO = INCLUDE_SOURCE;
				MTL_FAST_MATH = YES;
				ONLY_ACTIVE_ARCH = YES;
				SWIFT_ACTIVE_COMPILATION_CONDITIONS = "DEBUG $(inherited)";
				SWIFT_OPTIMIZATION_LEVEL = "-Onone";
			};
			name = Debug;
		};
		ED4CBEA02C9DCD5C00770A25 /* Release */ = {
			isa = XCBuildConfiguration;
			buildSettings = {
				ALWAYS_SEARCH_USER_PATHS = NO;
				ASSETCATALOG_COMPILER_GENERATE_SWIFT_ASSET_SYMBOL_EXTENSIONS = YES;
				CLANG_ANALYZER_NONNULL = YES;
				CLANG_ANALYZER_NUMBER_OBJECT_CONVERSION = YES_AGGRESSIVE;
				CLANG_CXX_LANGUAGE_STANDARD = "gnu++20";
				CLANG_ENABLE_MODULES = YES;
				CLANG_ENABLE_OBJC_ARC = YES;
				CLANG_ENABLE_OBJC_WEAK = YES;
				CLANG_WARN_BLOCK_CAPTURE_AUTORELEASING = YES;
				CLANG_WARN_BOOL_CONVERSION = YES;
				CLANG_WARN_COMMA = YES;
				CLANG_WARN_CONSTANT_CONVERSION = YES;
				CLANG_WARN_DEPRECATED_OBJC_IMPLEMENTATIONS = YES;
				CLANG_WARN_DIRECT_OBJC_ISA_USAGE = YES_ERROR;
				CLANG_WARN_DOCUMENTATION_COMMENTS = YES;
				CLANG_WARN_EMPTY_BODY = YES;
				CLANG_WARN_ENUM_CONVERSION = YES;
				CLANG_WARN_INFINITE_RECURSION = YES;
				CLANG_WARN_INT_CONVERSION = YES;
				CLANG_WARN_NON_LITERAL_NULL_CONVERSION = YES;
				CLANG_WARN_OBJC_IMPLICIT_RETAIN_SELF = YES;
				CLANG_WARN_OBJC_LITERAL_CONVERSION = YES;
				CLANG_WARN_OBJC_ROOT_CLASS = YES_ERROR;
				CLANG_WARN_QUOTED_INCLUDE_IN_FRAMEWORK_HEADER = YES;
				CLANG_WARN_RANGE_LOOP_ANALYSIS = YES;
				CLANG_WARN_STRICT_PROTOTYPES = YES;
				CLANG_WARN_SUSPICIOUS_MOVE = YES;
				CLANG_WARN_UNGUARDED_AVAILABILITY = YES_AGGRESSIVE;
				CLANG_WARN_UNREACHABLE_CODE = YES;
				CLANG_WARN__DUPLICATE_METHOD_MATCH = YES;
				COPY_PHASE_STRIP = NO;
				DEBUG_INFORMATION_FORMAT = "dwarf-with-dsym";
				ENABLE_NS_ASSERTIONS = NO;
				ENABLE_STRICT_OBJC_MSGSEND = YES;
				ENABLE_USER_SCRIPT_SANDBOXING = YES;
				GCC_C_LANGUAGE_STANDARD = gnu17;
				GCC_NO_COMMON_BLOCKS = YES;
				GCC_WARN_64_TO_32_BIT_CONVERSION = YES;
				GCC_WARN_ABOUT_RETURN_TYPE = YES_ERROR;
				GCC_WARN_UNDECLARED_SELECTOR = YES;
				GCC_WARN_UNINITIALIZED_AUTOS = YES_AGGRESSIVE;
				GCC_WARN_UNUSED_FUNCTION = YES;
				GCC_WARN_UNUSED_VARIABLE = YES;
				LOCALIZATION_PREFERS_STRING_CATALOGS = YES;
				MTL_ENABLE_DEBUG_INFO = NO;
				MTL_FAST_MATH = YES;
				SWIFT_COMPILATION_MODE = wholemodule;
			};
			name = Release;
		};
		ED4CBEA22C9DCD5C00770A25 /* Debug */ = {
			isa = XCBuildConfiguration;
			buildSettings = {
				ASSETCATALOG_COMPILER_APPICON_NAME = AppIcon;
				ASSETCATALOG_COMPILER_GLOBAL_ACCENT_COLOR_NAME = AccentColor;
				CODE_SIGN_ENTITLEMENTS = project004/project004.entitlements;
				CODE_SIGN_STYLE = Automatic;
				CURRENT_PROJECT_VERSION = 1;
				DEVELOPMENT_ASSET_PATHS = "\"project004/Preview Content\"";
				ENABLE_PREVIEWS = YES;
				GENERATE_INFOPLIST_FILE = YES;
				"INFOPLIST_KEY_UIApplicationSceneManifest_Generation[sdk=iphoneos*]" = YES;
				"INFOPLIST_KEY_UIApplicationSceneManifest_Generation[sdk=iphonesimulator*]" = YES;
				"INFOPLIST_KEY_UIApplicationSupportsIndirectInputEvents[sdk=iphoneos*]" = YES;
				"INFOPLIST_KEY_UIApplicationSupportsIndirectInputEvents[sdk=iphonesimulator*]" = YES;
				"INFOPLIST_KEY_UILaunchScreen_Generation[sdk=iphoneos*]" = YES;
				"INFOPLIST_KEY_UILaunchScreen_Generation[sdk=iphonesimulator*]" = YES;
				"INFOPLIST_KEY_UIStatusBarStyle[sdk=iphoneos*]" = UIStatusBarStyleDefault;
				"INFOPLIST_KEY_UIStatusBarStyle[sdk=iphonesimulator*]" = UIStatusBarStyleDefault;
				INFOPLIST_KEY_UISupportedInterfaceOrientations_iPad = "UIInterfaceOrientationPortrait UIInterfaceOrientationPortraitUpsideDown UIInterfaceOrientationLandscapeLeft UIInterfaceOrientationLandscapeRight";
				INFOPLIST_KEY_UISupportedInterfaceOrientations_iPhone = "UIInterfaceOrientationPortrait UIInterfaceOrientationLandscapeLeft UIInterfaceOrientationLandscapeRight";
				IPHONEOS_DEPLOYMENT_TARGET = 17.2;
				LD_RUNPATH_SEARCH_PATHS = "@executable_path/Frameworks";
				"LD_RUNPATH_SEARCH_PATHS[sdk=macosx*]" = "@executable_path/../Frameworks";
				MACOSX_DEPLOYMENT_TARGET = 13.6;
				MARKETING_VERSION = 1.0;
				PRODUCT_BUNDLE_IDENTIFIER = Personal.project004;
				PRODUCT_NAME = "$(TARGET_NAME)";
				SDKROOT = auto;
				SUPPORTED_PLATFORMS = "iphoneos iphonesimulator macosx";
				SWIFT_EMIT_LOC_STRINGS = YES;
				SWIFT_VERSION = 5.0;
				TARGETED_DEVICE_FAMILY = "1,2";
			};
			name = Debug;
		};
		ED4CBEA32C9DCD5C00770A25 /* Release */ = {
			isa = XCBuildConfiguration;
			buildSettings = {
				ASSETCATALOG_COMPILER_APPICON_NAME = AppIcon;
				ASSETCATALOG_COMPILER_GLOBAL_ACCENT_COLOR_NAME = AccentColor;
				CODE_SIGN_ENTITLEMENTS = project004/project004.entitlements;
				CODE_SIGN_STYLE = Automatic;
				CURRENT_PROJECT_VERSION = 1;
				DEVELOPMENT_ASSET_PATHS = "\"project004/Preview Content\"";
				ENABLE_PREVIEWS = YES;
				GENERATE_INFOPLIST_FILE = YES;
				"INFOPLIST_KEY_UIApplicationSceneManifest_Generation[sdk=iphoneos*]" = YES;
				"INFOPLIST_KEY_UIApplicationSceneManifest_Generation[sdk=iphonesimulator*]" = YES;
				"INFOPLIST_KEY_UIApplicationSupportsIndirectInputEvents[sdk=iphoneos*]" = YES;
				"INFOPLIST_KEY_UIApplicationSupportsIndirectInputEvents[sdk=iphonesimulator*]" = YES;
				"INFOPLIST_KEY_UILaunchScreen_Generation[sdk=iphoneos*]" = YES;
				"INFOPLIST_KEY_UILaunchScreen_Generation[sdk=iphonesimulator*]" = YES;
				"INFOPLIST_KEY_UIStatusBarStyle[sdk=iphoneos*]" = UIStatusBarStyleDefault;
				"INFOPLIST_KEY_UIStatusBarStyle[sdk=iphonesimulator*]" = UIStatusBarStyleDefault;
				INFOPLIST_KEY_UISupportedInterfaceOrientations_iPad = "UIInterfaceOrientationPortrait UIInterfaceOrientationPortraitUpsideDown UIInterfaceOrientationLandscapeLeft UIInterfaceOrientationLandscapeRight";
				INFOPLIST_KEY_UISupportedInterfaceOrientations_iPhone = "UIInterfaceOrientationPortrait UIInterfaceOrientationLandscapeLeft UIInterfaceOrientationLandscapeRight";
				IPHONEOS_DEPLOYMENT_TARGET = 17.2;
				LD_RUNPATH_SEARCH_PATHS = "@executable_path/Frameworks";
				"LD_RUNPATH_SEARCH_PATHS[sdk=macosx*]" = "@executable_path/../Frameworks";
				MACOSX_DEPLOYMENT_TARGET = 13.6;
				MARKETING_VERSION = 1.0;
				PRODUCT_BUNDLE_IDENTIFIER = Personal.project004;
				PRODUCT_NAME = "$(TARGET_NAME)";
				SDKROOT = auto;
				SUPPORTED_PLATFORMS = "iphoneos iphonesimulator macosx";
				SWIFT_EMIT_LOC_STRINGS = YES;
				SWIFT_VERSION = 5.0;
				TARGETED_DEVICE_FAMILY = "1,2";
			};
			name = Release;
		};
		ED4CBEA52C9DCD5C00770A25 /* Debug */ = {
			isa = XCBuildConfiguration;
			buildSettings = {
				ALWAYS_EMBED_SWIFT_STANDARD_LIBRARIES = YES;
				BUNDLE_LOADER = "$(TEST_HOST)";
				CODE_SIGN_STYLE = Automatic;
				CURRENT_PROJECT_VERSION = 1;
				GENERATE_INFOPLIST_FILE = YES;
				IPHONEOS_DEPLOYMENT_TARGET = 17.2;
				MACOSX_DEPLOYMENT_TARGET = 13.6;
				MARKETING_VERSION = 1.0;
				PRODUCT_BUNDLE_IDENTIFIER = Personal.project004Tests;
				PRODUCT_NAME = "$(TARGET_NAME)";
				SDKROOT = auto;
				SUPPORTED_PLATFORMS = "iphoneos iphonesimulator macosx";
				SWIFT_EMIT_LOC_STRINGS = NO;
				SWIFT_VERSION = 5.0;
				TARGETED_DEVICE_FAMILY = "1,2";
				TEST_HOST = "$(BUILT_PRODUCTS_DIR)/project004.app/$(BUNDLE_EXECUTABLE_FOLDER_PATH)/project004";
			};
			name = Debug;
		};
		ED4CBEA62C9DCD5C00770A25 /* Release */ = {
			isa = XCBuildConfiguration;
			buildSettings = {
				ALWAYS_EMBED_SWIFT_STANDARD_LIBRARIES = YES;
				BUNDLE_LOADER = "$(TEST_HOST)";
				CODE_SIGN_STYLE = Automatic;
				CURRENT_PROJECT_VERSION = 1;
				GENERATE_INFOPLIST_FILE = YES;
				IPHONEOS_DEPLOYMENT_TARGET = 17.2;
				MACOSX_DEPLOYMENT_TARGET = 13.6;
				MARKETING_VERSION = 1.0;
				PRODUCT_BUNDLE_IDENTIFIER = Personal.project004Tests;
				PRODUCT_NAME = "$(TARGET_NAME)";
				SDKROOT = auto;
				SUPPORTED_PLATFORMS = "iphoneos iphonesimulator macosx";
				SWIFT_EMIT_LOC_STRINGS = NO;
				SWIFT_VERSION = 5.0;
				TARGETED_DEVICE_FAMILY = "1,2";
				TEST_HOST = "$(BUILT_PRODUCTS_DIR)/project004.app/$(BUNDLE_EXECUTABLE_FOLDER_PATH)/project004";
			};
			name = Release;
		};
		ED4CBEA82C9DCD5C00770A25 /* Debug */ = {
			isa = XCBuildConfiguration;
			buildSettings = {
				ALWAYS_EMBED_SWIFT_STANDARD_LIBRARIES = YES;
				CODE_SIGN_STYLE = Automatic;
				CURRENT_PROJECT_VERSION = 1;
				GENERATE_INFOPLIST_FILE = YES;
				IPHONEOS_DEPLOYMENT_TARGET = 17.2;
				MACOSX_DEPLOYMENT_TARGET = 13.6;
				MARKETING_VERSION = 1.0;
				PRODUCT_BUNDLE_IDENTIFIER = Personal.project004UITests;
				PRODUCT_NAME = "$(TARGET_NAME)";
				SDKROOT = auto;
				SUPPORTED_PLATFORMS = "iphoneos iphonesimulator macosx";
				SWIFT_EMIT_LOC_STRINGS = NO;
				SWIFT_VERSION = 5.0;
				TARGETED_DEVICE_FAMILY = "1,2";
				TEST_TARGET_NAME = project004;
			};
			name = Debug;
		};
		ED4CBEA92C9DCD5C00770A25 /* Release */ = {
			isa = XCBuildConfiguration;
			buildSettings = {
				ALWAYS_EMBED_SWIFT_STANDARD_LIBRARIES = YES;
				CODE_SIGN_STYLE = Automatic;
				CURRENT_PROJECT_VERSION = 1;
				GENERATE_INFOPLIST_FILE = YES;
				IPHONEOS_DEPLOYMENT_TARGET = 17.2;
				MACOSX_DEPLOYMENT_TARGET = 13.6;
				MARKETING_VERSION = 1.0;
				PRODUCT_BUNDLE_IDENTIFIER = Personal.project004UITests;
				PRODUCT_NAME = "$(TARGET_NAME)";
				SDKROOT = auto;
				SUPPORTED_PLATFORMS = "iphoneos iphonesimulator macosx";
				SWIFT_EMIT_LOC_STRINGS = NO;
				SWIFT_VERSION = 5.0;
				TARGETED_DEVICE_FAMILY = "1,2";
				TEST_TARGET_NAME = project004;
			};
			name = Release;
		};
/* End XCBuildConfiguration section */

/* Begin XCConfigurationList section */
		ED4CBE772C9DCD5A00770A25 /* Build configuration list for PBXProject "project004" */ = {
			isa = XCConfigurationList;
			buildConfigurations = (
				ED4CBE9F2C9DCD5C00770A25 /* Debug */,
				ED4CBEA02C9DCD5C00770A25 /* Release */,
			);
			defaultConfigurationIsVisible = 0;
			defaultConfigurationName = Release;
		};
		ED4CBEA12C9DCD5C00770A25 /* Build configuration list for PBXNativeTarget "project004" */ = {
			isa = XCConfigurationList;
			buildConfigurations = (
				ED4CBEA22C9DCD5C00770A25 /* Debug */,
				ED4CBEA32C9DCD5C00770A25 /* Release */,
			);
			defaultConfigurationIsVisible = 0;
			defaultConfigurationName = Release;
		};
		ED4CBEA42C9DCD5C00770A25 /* Build configuration list for PBXNativeTarget "project004Tests" */ = {
			isa = XCConfigurationList;
			buildConfigurations = (
				ED4CBEA52C9DCD5C00770A25 /* Debug */,
				ED4CBEA62C9DCD5C00770A25 /* Release */,
			);
			defaultConfigurationIsVisible = 0;
			defaultConfigurationName = Release;
		};
		ED4CBEA72C9DCD5C00770A25 /* Build configuration list for PBXNativeTarget "project004UITests" */ = {
			isa = XCConfigurationList;
			buildConfigurations = (
				ED4CBEA82C9DCD5C00770A25 /* Debug */,
				ED4CBEA92C9DCD5C00770A25 /* Release */,
			);
			defaultConfigurationIsVisible = 0;
			defaultConfigurationName = Release;
		};
/* End XCConfigurationList section */
	};
	rootObject = ED4CBE742C9DCD5A00770A25 /* Project object */;
}
